
Microsoft Visual Studio Solution File, Format Version 12.00
# Visual Studio 14
VisualStudioVersion = 14.0.24720.0
MinimumVisualStudioVersion = 10.0.40219.1
Project("{FAE04EC0-301F-11D3-BF4B-00C04F79EFBC}") = "CRUD-Estudiantes", "CRUD-Estudiantes\CRUD-Estudiantes.csproj", "{AFBB409B-42EE-46A7-B6E4-EE7A8F054E1D}"
EndProject
Global
	GlobalSection(SolutionConfigurationPlatforms) = preSolution
		Debug|Any CPU = Debug|Any CPU
		Release|Any CPU = Release|Any CPU
	EndGlobalSection
	GlobalSection(ProjectConfigurationPlatforms) = postSolution
		{AFBB409B-42EE-46A7-B6E4-EE7A8F054E1D}.Debug|Any CPU.ActiveCfg = Debug|Any CPU
		{AFBB409B-42EE-46A7-B6E4-EE7A8F054E1D}.Debug|Any CPU.Build.0 = Debug|Any CPU
		{AFBB409B-42EE-46A7-B6E4-EE7A8F054E1D}.Release|Any CPU.ActiveCfg = Release|Any CPU
		{AFBB409B-42EE-46A7-B6E4-EE7A8F054E1D}.Release|Any CPU.Build.0 = Release|Any CPU
	EndGlobalSection
	GlobalSection(SolutionProperties) = preSolution
		HideSolutionNode = FALSE
	EndGlobalSection
EndGlobal
